
Microsoft Visual Studio Solution File, Format Version 12.00
# Visual Studio Version 17
VisualStudioVersion = 17.11.35219.272
MinimumVisualStudioVersion = 10.0.40219.1
Project("{FAE04EC0-301F-11D3-BF4B-00C04F79EFBC}") = "ConsoleApp10", "ConsoleApp10\ConsoleApp10.csproj", "{D4B4598D-7B03-41B3-8EA7-BA635897D2F2}"
EndProject
Global
	GlobalSection(SolutionConfigurationPlatforms) = preSolution
		Debug|Any CPU = Debug|Any CPU
		Release|Any CPU = Release|Any CPU
	EndGlobalSection
	GlobalSection(ProjectConfigurationPlatforms) = postSolution
		{D4B4598D-7B03-41B3-8EA7-BA635897D2F2}.Debug|Any CPU.ActiveCfg = Debug|Any CPU
		{D4B4598D-7B03-41B3-8EA7-BA635897D2F2}.Debug|Any CPU.Build.0 = Debug|Any CPU
		{D4B4598D-7B03-41B3-8EA7-BA635897D2F2}.Release|Any CPU.ActiveCfg = Release|Any CPU
		{D4B4598D-7B03-41B3-8EA7-BA635897D2F2}.Release|Any CPU.Build.0 = Release|Any CPU
	EndGlobalSection
	GlobalSection(SolutionProperties) = preSolution
		HideSolutionNode = FALSE
	EndGlobalSection
	GlobalSection(ExtensibilityGlobals) = postSolution
		SolutionGuid = {0A93EFB4-03FC-47C2-9D36-890F3D19F1D6}
	EndGlobalSection
EndGlobal
